{
  "name": "zyjared",
  "version": "1.0.0",
  "lockfileVersion": 3,
  "requires": true,
  "packages": {
    "": {
      "name": "zyjared",
      "version": "1.0.0",
      "license": "MIT",
      "dependencies": {
        "zyjared": "file:"
      },
      "devDependencies": {
        "miniprogram-api-typings": "4.0.2"
      }
    },
    "node_modules/miniprogram-api-typings": {
      "version": "4.0.2",
      "resolved": "https://registry.npmmirror.com/miniprogram-api-typings/-/miniprogram-api-typings-4.0.2.tgz",
      "integrity": "sha512-hDrWCaJamsMB6Sg+0oMzGgSOse8EzumfN+VQFBKtJe2LbeKibGruB/ptNd4viXdcdgfahQ+Ji5Z9v9meoG9iuw==",
      "dev": true
    },
    "node_modules/zyjared": {
      "resolved": "",
      "link": true
    }
  }
}
